
Microsoft Visual Studio Solution File, Format Version 12.00
# Visual Studio Version 17
VisualStudioVersion = 17.13.35806.99
MinimumVisualStudioVersion = 10.0.40219.1
Project("{FAE04EC0-301F-11D3-BF4B-00C04F79EFBC}") = "FlipazonApi", "FlipazonApi.csproj", "{0D91AC58-8E85-40FF-883A-37DF941A4BC4}"
EndProject
Project("{FAE04EC0-301F-11D3-BF4B-00C04F79EFBC}") = "FlipazonApiTest", "..\FlipazonApiTest\FlipazonApiTest.csproj", "{662E63FC-72A6-4FEF-8298-4BC992EAF6A9}"
EndProject
Global
	GlobalSection(SolutionConfigurationPlatforms) = preSolution
		Debug|Any CPU = Debug|Any CPU
		Release|Any CPU = Release|Any CPU
	EndGlobalSection
	GlobalSection(ProjectConfigurationPlatforms) = postSolution
		{0D91AC58-8E85-40FF-883A-37DF941A4BC4}.Debug|Any CPU.ActiveCfg = Debug|Any CPU
		{0D91AC58-8E85-40FF-883A-37DF941A4BC4}.Debug|Any CPU.Build.0 = Debug|Any CPU
		{0D91AC58-8E85-40FF-883A-37DF941A4BC4}.Release|Any CPU.ActiveCfg = Release|Any CPU
		{0D91AC58-8E85-40FF-883A-37DF941A4BC4}.Release|Any CPU.Build.0 = Release|Any CPU
		{662E63FC-72A6-4FEF-8298-4BC992EAF6A9}.Debug|Any CPU.ActiveCfg = Debug|Any CPU
		{662E63FC-72A6-4FEF-8298-4BC992EAF6A9}.Debug|Any CPU.Build.0 = Debug|Any CPU
		{662E63FC-72A6-4FEF-8298-4BC992EAF6A9}.Release|Any CPU.ActiveCfg = Release|Any CPU
		{662E63FC-72A6-4FEF-8298-4BC992EAF6A9}.Release|Any CPU.Build.0 = Release|Any CPU
	EndGlobalSection
	GlobalSection(SolutionProperties) = preSolution
		HideSolutionNode = FALSE
	EndGlobalSection
	GlobalSection(ExtensibilityGlobals) = postSolution
		SolutionGuid = {06CCE211-BDEC-4D29-8DC9-DC0B8D552ABE}
	EndGlobalSection
EndGlobal
