
Microsoft Visual Studio Solution File, Format Version 12.00
# Visual Studio Version 17
VisualStudioVersion = 17.13.35806.99 d17.13
MinimumVisualStudioVersion = 10.0.40219.1
Project("{FAE04EC0-301F-11D3-BF4B-00C04F79EFBC}") = "GeoLocation", "GeoLocation.csproj", "{C9BC3AB2-6F57-49AA-8FFE-0206C9822B4C}"
EndProject
Global
	GlobalSection(SolutionConfigurationPlatforms) = preSolution
		Debug|Any CPU = Debug|Any CPU
		Release|Any CPU = Release|Any CPU
	EndGlobalSection
	GlobalSection(ProjectConfigurationPlatforms) = postSolution
		{C9BC3AB2-6F57-49AA-8FFE-0206C9822B4C}.Debug|Any CPU.ActiveCfg = Debug|Any CPU
		{C9BC3AB2-6F57-49AA-8FFE-0206C9822B4C}.Debug|Any CPU.Build.0 = Debug|Any CPU
		{C9BC3AB2-6F57-49AA-8FFE-0206C9822B4C}.Release|Any CPU.ActiveCfg = Release|Any CPU
		{C9BC3AB2-6F57-49AA-8FFE-0206C9822B4C}.Release|Any CPU.Build.0 = Release|Any CPU
	EndGlobalSection
	GlobalSection(SolutionProperties) = preSolution
		HideSolutionNode = FALSE
	EndGlobalSection
	GlobalSection(ExtensibilityGlobals) = postSolution
		SolutionGuid = {83F432A0-77F8-476D-A035-58DC0262865D}
	EndGlobalSection
EndGlobal
